
Microsoft Visual Studio Solution File, Format Version 12.00
# Visual Studio 15
VisualStudioVersion = 15.0.27729.1
MinimumVisualStudioVersion = 10.0.40219.1
Project("{FAE04EC0-301F-11D3-BF4B-00C04F79EFBC}") = "ConsoleApp", "ConsoleApp\ConsoleApp.csproj", "{09A32522-A252-4182-8A9E-5433D5BABAAA}"
EndProject
Global
	GlobalSection(SolutionConfigurationPlatforms) = preSolution
		Debug|Any CPU = Debug|Any CPU
		Release|Any CPU = Release|Any CPU
	EndGlobalSection
	GlobalSection(ProjectConfigurationPlatforms) = postSolution
		{09A32522-A252-4182-8A9E-5433D5BABAAA}.Debug|Any CPU.ActiveCfg = Debug|Any CPU
		{09A32522-A252-4182-8A9E-5433D5BABAAA}.Debug|Any CPU.Build.0 = Debug|Any CPU
		{09A32522-A252-4182-8A9E-5433D5BABAAA}.Release|Any CPU.ActiveCfg = Release|Any CPU
		{09A32522-A252-4182-8A9E-5433D5BABAAA}.Release|Any CPU.Build.0 = Release|Any CPU
	EndGlobalSection
	GlobalSection(SolutionProperties) = preSolution
		HideSolutionNode = FALSE
	EndGlobalSection
	GlobalSection(ExtensibilityGlobals) = postSolution
		SolutionGuid = {1C2D8AF3-19E9-4A95-8E60-A7EA34640651}
	EndGlobalSection
EndGlobal
